version = 1
revision = 3
requires-python = ">=3.11, <3.15"

[[package]]
name = "nemo-fabric-adapter-contract"
version = "0.5.0"
source = { editable = "../../../adapter-contract/python" }

[package.metadata]
requires-dist = [{ name = "pydantic", marker = "extra == 'pydantic'", specifier = ">=2.12,<3" }]
provides-extras = ["pydantic"]

[[package]]
name = "nemo-fabric-adapters-common"
version = "0.5.0"
source = { editable = "../common" }
dependencies = [
    { name = "nemo-fabric-adapter-contract" },
]

[package.metadata]
requires-dist = [{ name = "nemo-fabric-adapter-contract", editable = "../../../adapter-contract/python" }]

[[package]]
name = "nemo-fabric-adapters-hermes"
version = "0.5.0"
source = { editable = "." }
dependencies = [
    { name = "nemo-fabric-adapter-contract" },
    { name = "nemo-fabric-adapters-common" },
]

[package.optional-dependencies]
full = [
    { name = "nemo-relay" },
    { name = "tomli-w" },
]
relay = [
    { name = "nemo-relay" },
    { name = "tomli-w" },
]

[package.metadata]
requires-dist = [
    { name = "nemo-fabric-adapter-contract", editable = "../../../adapter-contract/python" },
    { name = "nemo-fabric-adapters-common", editable = "../common" },
    { name = "nemo-relay", marker = "extra == 'full'", specifier = ">=0.9,<0.11" },
    { name = "nemo-relay", marker = "extra == 'relay'", specifier = ">=0.9,<0.11" },
    { name = "tomli-w", marker = "extra == 'full'", specifier = ">=1.2,<2" },
    { name = "tomli-w", marker = "extra == 'relay'", specifier = ">=1.2,<2" },
]
provides-extras = ["relay", "full"]

[[package]]
name = "nemo-relay"
version = "0.10.0"
source = { registry = "https://pypi.org/simple" }
sdist = { url = "https://files.pythonhosted.org/packages/16/e8/016a4c95429c37c456d5580d92dffb46bd7d071017fea6d751c5b73582ca/nemo_relay-0.10.0.tar.gz", hash = "sha256:d3382e826d3d65551f3a307128c15116057fd7f45277f8a8d0cb51f8aca3ed68", size = 1922175, upload-time = "2026-10-08T22:01:42.101Z" }
wheels = [
    { url = "https://files.pythonhosted.org/packages/b0/2f/7ef6dba72d1aab1a33e331a3df0a2f516babcec387d29f09433612315558/nemo_relay-0.10.0-cp311-abi3-macosx_11_0_arm64.whl", hash = "sha256:cb007481fadadd75ab8a65a0d4376c1e1ea8658569fa8f740a290d9f331f9ace", size = 11026117, upload-time = "2026-10-08T22:01:08.459Z" },
    { url = "https://files.pythonhosted.org/packages/ca/c4/3dea169c0091c15c5f0a5e9a74232943e165c92d8005110cf47a5519a5eb/nemo_relay-0.10.0-cp311-abi3-manylinux_2_17_aarch64.manylinux2014_aarch64.whl", hash = "sha256:de1bc91682c300ac9db5f5a360c4422ae2fd9ff1e87a0f71383bd3cc96eea53e", size = 9915746, upload-time = "2026-10-08T22:01:10.739Z" },
    { url = "https://files.pythonhosted.org/packages/f8/06/666fc09ec22ab62ef7bd039f4b62d2d73af1ca23b31429381a330be492bf/nemo_relay-0.10.0-cp311-abi3-manylinux_2_17_x86_64.manylinux2014_x86_64.whl", hash = "sha256:e8825df39896dd4370803a1c14f6229a9ad6c4cc07d354554b4d856ad0f6afd1", size = 10615006, upload-time = "2026-10-08T22:01:13.136Z" },
    { url = "https://files.pythonhosted.org/packages/fc/bb/7a93d94244a80232933889f4b47f780a37e4a423e407183ff83f1defcb44/nemo_relay-0.10.0-cp311-abi3-musllinux_1_2_aarch64.whl", hash = "sha256:e46cfa51ab92861e3cd84702a8fd327b45fa7abda8d28ac02fc08cc83801e866", size = 12209885, upload-time = "2026-10-08T22:01:15.836Z" },
    { url = "https://files.pythonhosted.org/packages/1a/4e/7f189f44535e838c6f787bec92647e24d20d51177d69e08c54d162996301/nemo_relay-0.10.0-cp311-abi3-musllinux_1_2_x86_64.whl", hash = "sha256:fb4450479a0ee8dbd92badec9bcc284bf2af0b5f84ed4129ed8ad19bf585cf8e", size = 12726370, upload-time = "2026-10-08T22:01:18.098Z" },
    { url = "https://files.pythonhosted.org/packages/4b/02/4af11a9793d8fdd507a9d1bbcb5bf5fb31ec943b72c81942b62c582a2423/nemo_relay-0.10.0-cp311-abi3-win_amd64.whl", hash = "sha256:7d530810daeab0fd8219d131151423875de2dcef4e2f7d19f31c21e2122d0c2a", size = 10473477, upload-time = "2026-10-08T22:01:20.283Z" },
    { url = "https://files.pythonhosted.org/packages/7e/eb/7bc22345d73768135f3d84367f30e738bd50e6fc6f425e6e62af71cf930e/nemo_relay-0.10.0-cp311-abi3-win_arm64.whl", hash = "sha256:10e9964e2fb6c1e6bfea6e2a5d47452ac2332c1c9ef61bc10be346c9d2808ee3", size = 9999724, upload-time = "2026-10-08T22:01:22.602Z" },
]

[[package]]
name = "tomli-w"
version = "1.2.0"
source = { registry = "https://pypi.org/simple" }
sdist = { url = "https://files.pythonhosted.org/packages/19/75/241269d1da26b624c0d5e110e8149093c759b7a286138f4efd61a60e75fe/tomli_w-1.2.0.tar.gz", hash = "sha256:2dd14fac5a47c27be9cd4c976af5a12d87fb1f0b4512f81d69cce3b35ae25021", size = 7184, upload-time = "2025-01-15T12:07:24.262Z" }
wheels = [
    { url = "https://files.pythonhosted.org/packages/c7/18/c86eb8e0202e32dd3df50d43d7ff9854f8e0603945ff398974c1d91ac1ef/tomli_w-1.2.0-py3-none-any.whl", hash = "sha256:188306098d013b691fcadc011abd66727d3c414c571bb01b1a174ba8c983cf90", size = 6675, upload-time = "2025-01-15T12:07:22.074Z" },
]
